
Microsoft Visual Studio Solution File, Format Version 12.00
# Visual Studio Version 16
VisualStudioVersion = 16.0.30804.86
MinimumVisualStudioVersion = 10.0.40219.1
Project("{8BC9CEB8-8B4A-11D0-8D11-00A0C91BC942}") = "c++", "c++\c++.vcxproj", "{AC13FE3B-1297-45BD-BE20-01CBD6B9ECCE}"
EndProject
Global
	GlobalSection(SolutionConfigurationPlatforms) = preSolution
		Debug|x64 = Debug|x64
		Debug|x86 = Debug|x86
		Release|x64 = Release|x64
		Release|x86 = Release|x86
	EndGlobalSection
	GlobalSection(ProjectConfigurationPlatforms) = postSolution
		{AC13FE3B-1297-45BD-BE20-01CBD6B9ECCE}.Debug|x64.ActiveCfg = Debug|x64
		{AC13FE3B-1297-45BD-BE20-01CBD6B9ECCE}.Debug|x64.Build.0 = Debug|x64
		{AC13FE3B-1297-45BD-BE20-01CBD6B9ECCE}.Debug|x86.ActiveCfg = Debug|Win32
		{AC13FE3B-1297-45BD-BE20-01CBD6B9ECCE}.Debug|x86.Build.0 = Debug|Win32
		{AC13FE3B-1297-45BD-BE20-01CBD6B9ECCE}.Release|x64.ActiveCfg = Release|x64
		{AC13FE3B-1297-45BD-BE20-01CBD6B9ECCE}.Release|x64.Build.0 = Release|x64
		{AC13FE3B-1297-45BD-BE20-01CBD6B9ECCE}.Release|x86.ActiveCfg = Release|Win32
		{AC13FE3B-1297-45BD-BE20-01CBD6B9ECCE}.Release|x86.Build.0 = Release|Win32
	EndGlobalSection
	GlobalSection(SolutionProperties) = preSolution
		HideSolutionNode = FALSE
	EndGlobalSection
	GlobalSection(ExtensibilityGlobals) = postSolution
		SolutionGuid = {4BAD948A-80FF-4BE6-B335-550544154537}
	EndGlobalSection
EndGlobal
